
Microsoft Visual Studio Solution File, Format Version 12.00
# Visual Studio Version 17
VisualStudioVersion = 17.9.34701.34
MinimumVisualStudioVersion = 10.0.40219.1
Project("{FAE04EC0-301F-11D3-BF4B-00C04F79EFBC}") = "EMISSOR DE CERTIFICADOS", "EMISSOR DE CERTIFICADOS.csproj", "{D8D00EE2-2B89-4730-A257-1805875BD86F}"
EndProject
Global
	GlobalSection(SolutionConfigurationPlatforms) = preSolution
		Debug|Any CPU = Debug|Any CPU
		Release|Any CPU = Release|Any CPU
	EndGlobalSection
	GlobalSection(ProjectConfigurationPlatforms) = postSolution
		{D8D00EE2-2B89-4730-A257-1805875BD86F}.Debug|Any CPU.ActiveCfg = Debug|Any CPU
		{D8D00EE2-2B89-4730-A257-1805875BD86F}.Debug|Any CPU.Build.0 = Debug|Any CPU
		{D8D00EE2-2B89-4730-A257-1805875BD86F}.Release|Any CPU.ActiveCfg = Release|Any CPU
		{D8D00EE2-2B89-4730-A257-1805875BD86F}.Release|Any CPU.Build.0 = Release|Any CPU
	EndGlobalSection
	GlobalSection(SolutionProperties) = preSolution
		HideSolutionNode = FALSE
	EndGlobalSection
	GlobalSection(ExtensibilityGlobals) = postSolution
		SolutionGuid = {D6D8B8F5-6330-4445-93A5-8EA5599DB5C1}
	EndGlobalSection
EndGlobal
